// !$*UTF8*$!
{
	archiveVersion = 1;
	classes = {
	};
	objectVersion = 55;
	objects = {

/* Begin PBXBuildFile section */
		5F2A64B027A30AB800AD352E /* Arima_Madurai in Resources */ = {isa = PBXBuildFile; fileRef = 5F2A64AF27A30AB800AD352E /* Arima_Madurai */; };
		5F2A64B627A30B1200AD352E /* Caveat.ttf in Resources */ = {isa = PBXBuildFile; fileRef = 5F2A64B527A30B1200AD352E /* Caveat.ttf */; };
		5F2A64B827A30B2C00AD352E /* Slab-Regular.ttf in Resources */ = {isa = PBXBuildFile; fileRef = 5F2A64B727A30B2C00AD352E /* Slab-Regular.ttf */; };
		5F2A64BA27A3116E00AD352E /* NanumPenScript-Regular.ttf in Resources */ = {isa = PBXBuildFile; fileRef = 5F2A64B927A3116E00AD352E /* NanumPenScript-Regular.ttf */; };
		5F40AF31279CF5E300967354 /* Sed-Regular.ttf in Resources */ = {isa = PBXBuildFile; fileRef = 5F40AF2F279CF5E300967354 /* Sed-Regular.ttf */; };
		5F40AF32279CF5E300967354 /* OFL.txt in Resources */ = {isa = PBXBuildFile; fileRef = 5F40AF30279CF5E300967354 /* OFL.txt */; };
		5F40AF36279CFD4900967354 /* SecondNavView.swift in Sources */ = {isa = PBXBuildFile; fileRef = 5F40AF35279CFD4900967354 /* SecondNavView.swift */; };
		5F507F8C27A3520600F2AB61 /* DirectoryDetailView.swift in Sources */ = {isa = PBXBuildFile; fileRef = 5F507F8B27A3520600F2AB61 /* DirectoryDetailView.swift */; };
		5F7240AE27A3B6D800928B3B /* Caveat-Bold.ttf in Resources */ = {isa = PBXBuildFile; fileRef = 5F7240AD27A3B6D800928B3B /* Caveat-Bold.ttf */; };
		5F8435EB27B3A539008CB05D /* MeetingsView.swift in Sources */ = {isa = PBXBuildFile; fileRef = 5F8435EA27B3A539008CB05D /* MeetingsView.swift */; };
		5FBC26732794F145002D6627 /* UNIA_ACLApp.swift in Sources */ = {isa = PBXBuildFile; fileRef = 5FBC26722794F145002D6627 /* UNIA_ACLApp.swift */; };
		5FBC26752794F145002D6627 /* ContentView.swift in Sources */ = {isa = PBXBuildFile; fileRef = 5FBC26742794F145002D6627 /* ContentView.swift */; };
		5FBC26772794F146002D6627 /* Assets.xcassets in Resources */ = {isa = PBXBuildFile; fileRef = 5FBC26762794F146002D6627 /* Assets.xcassets */; };
		5FBC267A2794F146002D6627 /* Preview Assets.xcassets in Resources */ = {isa = PBXBuildFile; fileRef = 5FBC26792794F146002D6627 /* Preview Assets.xcassets */; };
		5FBC267C2794F146002D6627 /* Persistence.swift in Sources */ = {isa = PBXBuildFile; fileRef = 5FBC267B2794F146002D6627 /* Persistence.swift */; };
		5FBC267F2794F146002D6627 /* UNIA_ACL.xcdatamodeld in Sources */ = {isa = PBXBuildFile; fileRef = 5FBC267D2794F146002D6627 /* UNIA_ACL.xcdatamodeld */; };
		5FBC26892794F147002D6627 /* UNIA_ACLTests.swift in Sources */ = {isa = PBXBuildFile; fileRef = 5FBC26882794F147002D6627 /* UNIA_ACLTests.swift */; };
		5FBC26932794F147002D6627 /* UNIA_ACLUITests.swift in Sources */ = {isa = PBXBuildFile; fileRef = 5FBC26922794F147002D6627 /* UNIA_ACLUITests.swift */; };
		5FBC26952794F147002D6627 /* UNIA_ACLUITestsLaunchTests.swift in Sources */ = {isa = PBXBuildFile; fileRef = 5FBC26942794F147002D6627 /* UNIA_ACLUITestsLaunchTests.swift */; };
		5FBC26A22794F29A002D6627 /* NavView.swift in Sources */ = {isa = PBXBuildFile; fileRef = 5FBC26A12794F29A002D6627 /* NavView.swift */; };
		5FBC26A4279502C5002D6627 /* DirectoryView.swift in Sources */ = {isa = PBXBuildFile; fileRef = 5FBC26A3279502C5002D6627 /* DirectoryView.swift */; };
		5FBC26A5279502C5002D6627 /* DirectoryView.swift in Sources */ = {isa = PBXBuildFile; fileRef = 5FBC26A3279502C5002D6627 /* DirectoryView.swift */; };
		5FBC26A6279502C5002D6627 /* DirectoryView.swift in Sources */ = {isa = PBXBuildFile; fileRef = 5FBC26A3279502C5002D6627 /* DirectoryView.swift */; };
		5FBC26A8279502E8002D6627 /* HistoryView.swift in Sources */ = {isa = PBXBuildFile; fileRef = 5FBC26A7279502E8002D6627 /* HistoryView.swift */; };
		5FBC26A9279502E8002D6627 /* HistoryView.swift in Sources */ = {isa = PBXBuildFile; fileRef = 5FBC26A7279502E8002D6627 /* HistoryView.swift */; };
		5FBC26AA279502E8002D6627 /* HistoryView.swift in Sources */ = {isa = PBXBuildFile; fileRef = 5FBC26A7279502E8002D6627 /* HistoryView.swift */; };
		5FBC26AC27950329002D6627 /* OrientationView.swift in Sources */ = {isa = PBXBuildFile; fileRef = 5FBC26AB27950329002D6627 /* OrientationView.swift */; };
		5FBC26AD27950329002D6627 /* OrientationView.swift in Sources */ = {isa = PBXBuildFile; fileRef = 5FBC26AB27950329002D6627 /* OrientationView.swift */; };
		5FBC26AE27950329002D6627 /* OrientationView.swift in Sources */ = {isa = PBXBuildFile; fileRef = 5FBC26AB27950329002D6627 /* OrientationView.swift */; };
		5FBC26B02795033A002D6627 /* DivisionsView.swift in Sources */ = {isa = PBXBuildFile; fileRef = 5FBC26AF2795033A002D6627 /* DivisionsView.swift */; };
		5FBC26B12795033A002D6627 /* DivisionsView.swift in Sources */ = {isa = PBXBuildFile; fileRef = 5FBC26AF2795033A002D6627 /* DivisionsView.swift */; };
		5FBC26B22795033A002D6627 /* DivisionsView.swift in Sources */ = {isa = PBXBuildFile; fileRef = 5FBC26AF2795033A002D6627 /* DivisionsView.swift */; };
		5FBC26B427950375002D6627 /* NewsView.swift in Sources */ = {isa = PBXBuildFile; fileRef = 5FBC26B327950375002D6627 /* NewsView.swift */; };
		5FBC26B527950375002D6627 /* NewsView.swift in Sources */ = {isa = PBXBuildFile; fileRef = 5FBC26B327950375002D6627 /* NewsView.swift */; };
		5FBC26B627950375002D6627 /* NewsView.swift in Sources */ = {isa = PBXBuildFile; fileRef = 5FBC26B327950375002D6627 /* NewsView.swift */; };
/* End PBXBuildFile section */

/* Begin PBXContainerItemProxy section */
		5FBC26852794F147002D6627 /* PBXContainerItemProxy */ = {
			isa = PBXContainerItemProxy;
			containerPortal = 5FBC26672794F144002D6627 /* Project object */;
			proxyType = 1;
			remoteGlobalIDString = 5FBC266E2794F144002D6627;
			remoteInfo = "UNIA-ACL";
		};
		5FBC268F2794F147002D6627 /* PBXContainerItemProxy */ = {
			isa = PBXContainerItemProxy;
			containerPortal = 5FBC26672794F144002D6627 /* Project object */;
			proxyType = 1;
			remoteGlobalIDString = 5FBC266E2794F144002D6627;
			remoteInfo = "UNIA-ACL";
		};
/* End PBXContainerItemProxy section */

/* Begin PBXFileReference section */
		5F2A64AF27A30AB800AD352E /* Arima_Madurai */ = {isa = PBXFileReference; lastKnownFileType = folder; path = Arima_Madurai; sourceTree = "<group>"; };
		5F2A64B527A30B1200AD352E /* Caveat.ttf */ = {isa = PBXFileReference; lastKnownFileType = file; name = Caveat.ttf; path = Caveat/Caveat.ttf; sourceTree = "<group>"; };
		5F2A64B727A30B2C00AD352E /* Slab-Regular.ttf */ = {isa = PBXFileReference; lastKnownFileType = file; name = "Slab-Regular.ttf"; path = "Slabo_27px/Slab-Regular.ttf"; sourceTree = "<group>"; };
		5F2A64B927A3116E00AD352E /* NanumPenScript-Regular.ttf */ = {isa = PBXFileReference; lastKnownFileType = file; path = "NanumPenScript-Regular.ttf"; sourceTree = "<group>"; };
		5F40AF2F279CF5E300967354 /* Sed-Regular.ttf */ = {isa = PBXFileReference; lastKnownFileType = file; path = "Sed-Regular.ttf"; sourceTree = "<group>"; };
		5F40AF30279CF5E300967354 /* OFL.txt */ = {isa = PBXFileReference; fileEncoding = 4; lastKnownFileType = text; path = OFL.txt; sourceTree = "<group>"; };
		5F40AF34279CF65C00967354 /* Info.plist */ = {isa = PBXFileReference; lastKnownFileType = text.plist; path = Info.plist; sourceTree = "<group>"; };
		5F40AF35279CFD4900967354 /* SecondNavView.swift */ = {isa = PBXFileReference; lastKnownFileType = sourcecode.swift; path = SecondNavView.swift; sourceTree = "<group>"; };
		5F507F8B27A3520600F2AB61 /* DirectoryDetailView.swift */ = {isa = PBXFileReference; lastKnownFileType = sourcecode.swift; path = DirectoryDetailView.swift; sourceTree = "<group>"; };
		5F7240AD27A3B6D800928B3B /* Caveat-Bold.ttf */ = {isa = PBXFileReference; lastKnownFileType = file; name = "Caveat-Bold.ttf"; path = "Caveat/static/Caveat-Bold.ttf"; sourceTree = "<group>"; };
		5F8435EA27B3A539008CB05D /* MeetingsView.swift */ = {isa = PBXFileReference; lastKnownFileType = sourcecode.swift; path = MeetingsView.swift; sourceTree = "<group>"; };
		5FBC266F2794F145002D6627 /* UNIA-ACL.app */ = {isa = PBXFileReference; explicitFileType = wrapper.application; includeInIndex = 0; path = "UNIA-ACL.app"; sourceTree = BUILT_PRODUCTS_DIR; };
		5FBC26722794F145002D6627 /* UNIA_ACLApp.swift */ = {isa = PBXFileReference; lastKnownFileType = sourcecode.swift; path = UNIA_ACLApp.swift; sourceTree = "<group>"; };
		5FBC26742794F145002D6627 /* ContentView.swift */ = {isa = PBXFileReference; lastKnownFileType = sourcecode.swift; path = ContentView.swift; sourceTree = "<group>"; };
		5FBC26762794F146002D6627 /* Assets.xcassets */ = {isa = PBXFileReference; lastKnownFileType = folder.assetcatalog; path = Assets.xcassets; sourceTree = "<group>"; };
		5FBC26792794F146002D6627 /* Preview Assets.xcassets */ = {isa = PBXFileReference; lastKnownFileType = folder.assetcatalog; path = "Preview Assets.xcassets"; sourceTree = "<group>"; };
		5FBC267B2794F146002D6627 /* Persistence.swift */ = {isa = PBXFileReference; lastKnownFileType = sourcecode.swift; path = Persistence.swift; sourceTree = "<group>"; };
		5FBC267E2794F146002D6627 /* UNIA_ACL.xcdatamodel */ = {isa = PBXFileReference; lastKnownFileType = wrapper.xcdatamodel; path = UNIA_ACL.xcdatamodel; sourceTree = "<group>"; };
		5FBC26842794F147002D6627 /* UNIA-ACLTests.xctest */ = {isa = PBXFileReference; explicitFileType = wrapper.cfbundle; includeInIndex = 0; path = "UNIA-ACLTests.xctest"; sourceTree = BUILT_PRODUCTS_DIR; };
		5FBC26882794F147002D6627 /* UNIA_ACLTests.swift */ = {isa = PBXFileReference; lastKnownFileType = sourcecode.swift; path = UNIA_ACLTests.swift; sourceTree = "<group>"; };
		5FBC268E2794F147002D6627 /* UNIA-ACLUITests.xctest */ = {isa = PBXFileReference; explicitFileType = wrapper.cfbundle; includeInIndex = 0; path = "UNIA-ACLUITests.xctest"; sourceTree = BUILT_PRODUCTS_DIR; };
		5FBC26922794F147002D6627 /* UNIA_ACLUITests.swift */ = {isa = PBXFileReference; lastKnownFileType = sourcecode.swift; path = UNIA_ACLUITests.swift; sourceTree = "<group>"; };
		5FBC26942794F147002D6627 /* UNIA_ACLUITestsLaunchTests.swift */ = {isa = PBXFileReference; lastKnownFileType = sourcecode.swift; path = UNIA_ACLUITestsLaunchTests.swift; sourceTree = "<group>"; };
		5FBC26A12794F29A002D6627 /* NavView.swift */ = {isa = PBXFileReference; lastKnownFileType = sourcecode.swift; path = NavView.swift; sourceTree = "<group>"; };
		5FBC26A3279502C5002D6627 /* DirectoryView.swift */ = {isa = PBXFileReference; lastKnownFileType = sourcecode.swift; path = DirectoryView.swift; sourceTree = "<group>"; };
		5FBC26A7279502E8002D6627 /* HistoryView.swift */ = {isa = PBXFileReference; lastKnownFileType = sourcecode.swift; path = HistoryView.swift; sourceTree = "<group>"; };
		5FBC26AB27950329002D6627 /* OrientationView.swift */ = {isa = PBXFileReference; lastKnownFileType = sourcecode.swift; path = OrientationView.swift; sourceTree = "<group>"; };
		5FBC26AF2795033A002D6627 /* DivisionsView.swift */ = {isa = PBXFileReference; lastKnownFileType = sourcecode.swift; path = DivisionsView.swift; sourceTree = "<group>"; };
		5FBC26B327950375002D6627 /* NewsView.swift */ = {isa = PBXFileReference; lastKnownFileType = sourcecode.swift; path = NewsView.swift; sourceTree = "<group>"; };
		5FBC955027AF350900A65FC6 /* UNIA-ACL.entitlements */ = {isa = PBXFileReference; lastKnownFileType = text.plist.entitlements; path = "UNIA-ACL.entitlements"; sourceTree = "<group>"; };
/* End PBXFileReference section */

/* Begin PBXFrameworksBuildPhase section */
		5FBC266C2794F144002D6627 /* Frameworks */ = {
			isa = PBXFrameworksBuildPhase;
			buildActionMask = 2147483647;
			files = (
			);
			runOnlyForDeploymentPostprocessing = 0;
		};
		5FBC26812794F147002D6627 /* Frameworks */ = {
			isa = PBXFrameworksBuildPhase;
			buildActionMask = 2147483647;
			files = (
			);
			runOnlyForDeploymentPostprocessing = 0;
		};
		5FBC268B2794F147002D6627 /* Frameworks */ = {
			isa = PBXFrameworksBuildPhase;
			buildActionMask = 2147483647;
			files = (
			);
			runOnlyForDeploymentPostprocessing = 0;
		};
/* End PBXFrameworksBuildPhase section */

/* Begin PBXGroup section */
		5F40AF2E279CF5B300967354 /* fonts */ = {
			isa = PBXGroup;
			children = (
				5F40AF2F279CF5E300967354 /* Sed-Regular.ttf */,
				5F2A64B727A30B2C00AD352E /* Slab-Regular.ttf */,
				5F2A64B527A30B1200AD352E /* Caveat.ttf */,
				5F7240AD27A3B6D800928B3B /* Caveat-Bold.ttf */,
				5F2A64B927A3116E00AD352E /* NanumPenScript-Regular.ttf */,
				5F2A64AF27A30AB800AD352E /* Arima_Madurai */,
				5F40AF33279CF60100967354 /* Licenses */,
			);
			path = fonts;
			sourceTree = "<group>";
		};
		5F40AF33279CF60100967354 /* Licenses */ = {
			isa = PBXGroup;
			children = (
				5F40AF30279CF5E300967354 /* OFL.txt */,
			);
			path = Licenses;
			sourceTree = "<group>";
		};
		5F507F8A27A351D300F2AB61 /* Directory */ = {
			isa = PBXGroup;
			children = (
				5FBC26A3279502C5002D6627 /* DirectoryView.swift */,
				5F507F8B27A3520600F2AB61 /* DirectoryDetailView.swift */,
			);
			path = Directory;
			sourceTree = "<group>";
		};
		5FBC26662794F144002D6627 = {
			isa = PBXGroup;
			children = (
				5FBC26712794F145002D6627 /* UNIA-ACL */,
				5FBC26872794F147002D6627 /* UNIA-ACLTests */,
				5FBC26912794F147002D6627 /* UNIA-ACLUITests */,
				5FBC26702794F145002D6627 /* Products */,
			);
			sourceTree = "<group>";
		};
		5FBC26702794F145002D6627 /* Products */ = {
			isa = PBXGroup;
			children = (
				5FBC266F2794F145002D6627 /* UNIA-ACL.app */,
				5FBC26842794F147002D6627 /* UNIA-ACLTests.xctest */,
				5FBC268E2794F147002D6627 /* UNIA-ACLUITests.xctest */,
			);
			name = Products;
			sourceTree = "<group>";
		};
		5FBC26712794F145002D6627 /* UNIA-ACL */ = {
			isa = PBXGroup;
			children = (
				5FBC955027AF350900A65FC6 /* UNIA-ACL.entitlements */,
				5F40AF34279CF65C00967354 /* Info.plist */,
				5F40AF2E279CF5B300967354 /* fonts */,
				5FBC26722794F145002D6627 /* UNIA_ACLApp.swift */,
				5FBC26742794F145002D6627 /* ContentView.swift */,
				5FBC26A12794F29A002D6627 /* NavView.swift */,
				5F8435EA27B3A539008CB05D /* MeetingsView.swift */,
				5F40AF35279CFD4900967354 /* SecondNavView.swift */,
				5F507F8A27A351D300F2AB61 /* Directory */,
				5FBC26AF2795033A002D6627 /* DivisionsView.swift */,
				5FBC26B327950375002D6627 /* NewsView.swift */,
				5FBC26A7279502E8002D6627 /* HistoryView.swift */,
				5FBC26AB27950329002D6627 /* OrientationView.swift */,
				5FBC26762794F146002D6627 /* Assets.xcassets */,
				5FBC267B2794F146002D6627 /* Persistence.swift */,
				5FBC267D2794F146002D6627 /* UNIA_ACL.xcdatamodeld */,
				5FBC26782794F146002D6627 /* Preview Content */,
			);
			path = "UNIA-ACL";
			sourceTree = "<group>";
		};
		5FBC26782794F146002D6627 /* Preview Content */ = {
			isa = PBXGroup;
			children = (
				5FBC26792794F146002D6627 /* Preview Assets.xcassets */,
			);
			path = "Preview Content";
			sourceTree = "<group>";
		};
		5FBC26872794F147002D6627 /* UNIA-ACLTests */ = {
			isa = PBXGroup;
			children = (
				5FBC26882794F147002D6627 /* UNIA_ACLTests.swift */,
			);
			path = "UNIA-ACLTests";
			sourceTree = "<group>";
		};
		5FBC26912794F147002D6627 /* UNIA-ACLUITests */ = {
			isa = PBXGroup;
			children = (
				5FBC26922794F147002D6627 /* UNIA_ACLUITests.swift */,
				5FBC26942794F147002D6627 /* UNIA_ACLUITestsLaunchTests.swift */,
			);
			path = "UNIA-ACLUITests";
			sourceTree = "<group>";
		};
/* End PBXGroup section */

/* Begin PBXNativeTarget section */
		5FBC266E2794F144002D6627 /* UNIA-ACL */ = {
			isa = PBXNativeTarget;
			buildConfigurationList = 5FBC26982794F147002D6627 /* Build configuration list for PBXNativeTarget "UNIA-ACL" */;
			buildPhases = (
				5FBC266B2794F144002D6627 /* Sources */,
				5FBC266C2794F144002D6627 /* Frameworks */,
				5FBC266D2794F144002D6627 /* Resources */,
			);
			buildRules = (
			);
			dependencies = (
			);
			name = "UNIA-ACL";
			productName = "UNIA-ACL";
			productReference = 5FBC266F2794F145002D6627 /* UNIA-ACL.app */;
			productType = "com.apple.product-type.application";
		};
		5FBC26832794F147002D6627 /* UNIA-ACLTests */ = {
			isa = PBXNativeTarget;
			buildConfigurationList = 5FBC269B2794F147002D6627 /* Build configuration list for PBXNativeTarget "UNIA-ACLTests" */;
			buildPhases = (
				5FBC26802794F147002D6627 /* Sources */,
				5FBC26812794F147002D6627 /* Frameworks */,
				5FBC26822794F147002D6627 /* Resources */,
			);
			buildRules = (
			);
			dependencies = (
				5FBC26862794F147002D6627 /* PBXTargetDependency */,
			);
			name = "UNIA-ACLTests";
			productName = "UNIA-ACLTests";
			productReference = 5FBC26842794F147002D6627 /* UNIA-ACLTests.xctest */;
			productType = "com.apple.product-type.bundle.unit-test";
		};
		5FBC268D2794F147002D6627 /* UNIA-ACLUITests */ = {
			isa = PBXNativeTarget;
			buildConfigurationList = 5FBC269E2794F147002D6627 /* Build configuration list for PBXNativeTarget "UNIA-ACLUITests" */;
			buildPhases = (
				5FBC268A2794F147002D6627 /* Sources */,
				5FBC268B2794F147002D6627 /* Frameworks */,
				5FBC268C2794F147002D6627 /* Resources */,
			);
			buildRules = (
			);
			dependencies = (
				5FBC26902794F147002D6627 /* PBXTargetDependency */,
			);
			name = "UNIA-ACLUITests";
			productName = "UNIA-ACLUITests";
			productReference = 5FBC268E2794F147002D6627 /* UNIA-ACLUITests.xctest */;
			productType = "com.apple.product-type.bundle.ui-testing";
		};
/* End PBXNativeTarget section */

/* Begin PBXProject section */
		5FBC26672794F144002D6627 /* Project object */ = {
			isa = PBXProject;
			attributes = {
				BuildIndependentTargetsInParallel = 1;
				LastSwiftUpdateCheck = 1320;
				LastUpgradeCheck = 1320;
				TargetAttributes = {
					5FBC266E2794F144002D6627 = {
						CreatedOnToolsVersion = 13.2.1;
					};
					5FBC26832794F147002D6627 = {
						CreatedOnToolsVersion = 13.2.1;
						TestTargetID = 5FBC266E2794F144002D6627;
					};
					5FBC268D2794F147002D6627 = {
						CreatedOnToolsVersion = 13.2.1;
						TestTargetID = 5FBC266E2794F144002D6627;
					};
				};
			};
			buildConfigurationList = 5FBC266A2794F144002D6627 /* Build configuration list for PBXProject "UNIA-ACL" */;
			compatibilityVersion = "Xcode 13.0";
			developmentRegion = en;
			hasScannedForEncodings = 0;
			knownRegions = (
				en,
				Base,
			);
			mainGroup = 5FBC26662794F144002D6627;
			productRefGroup = 5FBC26702794F145002D6627 /* Products */;
			projectDirPath = "";
			projectRoot = "";
			targets = (
				5FBC266E2794F144002D6627 /* UNIA-ACL */,
				5FBC26832794F147002D6627 /* UNIA-ACLTests */,
				5FBC268D2794F147002D6627 /* UNIA-ACLUITests */,
			);
		};
/* End PBXProject section */

/* Begin PBXResourcesBuildPhase section */
		5FBC266D2794F144002D6627 /* Resources */ = {
			isa = PBXResourcesBuildPhase;
			buildActionMask = 2147483647;
			files = (
				5F40AF31279CF5E300967354 /* Sed-Regular.ttf in Resources */,
				5FBC267A2794F146002D6627 /* Preview Assets.xcassets in Resources */,
				5F40AF32279CF5E300967354 /* OFL.txt in Resources */,
				5FBC26772794F146002D6627 /* Assets.xcassets in Resources */,
				5F2A64BA27A3116E00AD352E /* NanumPenScript-Regular.ttf in Resources */,
				5F2A64B827A30B2C00AD352E /* Slab-Regular.ttf in Resources */,
				5F2A64B027A30AB800AD352E /* Arima_Madurai in Resources */,
				5F2A64B627A30B1200AD352E /* Caveat.ttf in Resources */,
				5F7240AE27A3B6D800928B3B /* Caveat-Bold.ttf in Resources */,
			);
			runOnlyForDeploymentPostprocessing = 0;
		};
		5FBC26822794F147002D6627 /* Resources */ = {
			isa = PBXResourcesBuildPhase;
			buildActionMask = 2147483647;
			files = (
			);
			runOnlyForDeploymentPostprocessing = 0;
		};
		5FBC268C2794F147002D6627 /* Resources */ = {
			isa = PBXResourcesBuildPhase;
			buildActionMask = 2147483647;
			files = (
			);
			runOnlyForDeploymentPostprocessing = 0;
		};
/* End PBXResourcesBuildPhase section */

/* Begin PBXSourcesBuildPhase section */
		5FBC266B2794F144002D6627 /* Sources */ = {
			isa = PBXSourcesBuildPhase;
			buildActionMask = 2147483647;
			files = (
				5FBC26AC27950329002D6627 /* OrientationView.swift in Sources */,
				5FBC26A8279502E8002D6627 /* HistoryView.swift in Sources */,
				5FBC26A4279502C5002D6627 /* DirectoryView.swift in Sources */,
				5FBC26B427950375002D6627 /* NewsView.swift in Sources */,
				5F8435EB27B3A539008CB05D /* MeetingsView.swift in Sources */,
				5FBC26B02795033A002D6627 /* DivisionsView.swift in Sources */,
				5FBC267C2794F146002D6627 /* Persistence.swift in Sources */,
				5FBC267F2794F146002D6627 /* UNIA_ACL.xcdatamodeld in Sources */,
				5FBC26752794F145002D6627 /* ContentView.swift in Sources */,
				5FBC26A22794F29A002D6627 /* NavView.swift in Sources */,
				5FBC26732794F145002D6627 /* UNIA_ACLApp.swift in Sources */,
				5F40AF36279CFD4900967354 /* SecondNavView.swift in Sources */,
				5F507F8C27A3520600F2AB61 /* DirectoryDetailView.swift in Sources */,
			);
			runOnlyForDeploymentPostprocessing = 0;
		};
		5FBC26802794F147002D6627 /* Sources */ = {
			isa = PBXSourcesBuildPhase;
			buildActionMask = 2147483647;
			files = (
				5FBC26AD27950329002D6627 /* OrientationView.swift in Sources */,
				5FBC26A5279502C5002D6627 /* DirectoryView.swift in Sources */,
				5FBC26B12795033A002D6627 /* DivisionsView.swift in Sources */,
				5FBC26B527950375002D6627 /* NewsView.swift in Sources */,
				5FBC26A9279502E8002D6627 /* HistoryView.swift in Sources */,
				5FBC26892794F147002D6627 /* UNIA_ACLTests.swift in Sources */,
			);
			runOnlyForDeploymentPostprocessing = 0;
		};
		5FBC268A2794F147002D6627 /* Sources */ = {
			isa = PBXSourcesBuildPhase;
			buildActionMask = 2147483647;
			files = (
				5FBC26A6279502C5002D6627 /* DirectoryView.swift in Sources */,
				5FBC26AE27950329002D6627 /* OrientationView.swift in Sources */,
				5FBC26AA279502E8002D6627 /* HistoryView.swift in Sources */,
				5FBC26B627950375002D6627 /* NewsView.swift in Sources */,
				5FBC26B22795033A002D6627 /* DivisionsView.swift in Sources */,
				5FBC26952794F147002D6627 /* UNIA_ACLUITestsLaunchTests.swift in Sources */,
				5FBC26932794F147002D6627 /* UNIA_ACLUITests.swift in Sources */,
			);
			runOnlyForDeploymentPostprocessing = 0;
		};
/* End PBXSourcesBuildPhase section */

/* Begin PBXTargetDependency section */
		5FBC26862794F147002D6627 /* PBXTargetDependency */ = {
			isa = PBXTargetDependency;
			target = 5FBC266E2794F144002D6627 /* UNIA-ACL */;
			targetProxy = 5FBC26852794F147002D6627 /* PBXContainerItemProxy */;
		};
		5FBC26902794F147002D6627 /* PBXTargetDependency */ = {
			isa = PBXTargetDependency;
			target = 5FBC266E2794F144002D6627 /* UNIA-ACL */;
			targetProxy = 5FBC268F2794F147002D6627 /* PBXContainerItemProxy */;
		};
/* End PBXTargetDependency section */

/* Begin XCBuildConfiguration section */
		5FBC26962794F147002D6627 /* Debug */ = {
			isa = XCBuildConfiguration;
			buildSettings = {
				ALWAYS_SEARCH_USER_PATHS = NO;
				CLANG_ANALYZER_NONNULL = YES;
				CLANG_ANALYZER_NUMBER_OBJECT_CONVERSION = YES_AGGRESSIVE;
				CLANG_CXX_LANGUAGE_STANDARD = "gnu++17";
				CLANG_CXX_LIBRARY = "libc++";
				CLANG_ENABLE_MODULES = YES;
				CLANG_ENABLE_OBJC_ARC = YES;
				CLANG_ENABLE_OBJC_WEAK = YES;
				CLANG_WARN_BLOCK_CAPTURE_AUTORELEASING = YES;
				CLANG_WARN_BOOL_CONVERSION = YES;
				CLANG_WARN_COMMA = YES;
				CLANG_WARN_CONSTANT_CONVERSION = YES;
				CLANG_WARN_DEPRECATED_OBJC_IMPLEMENTATIONS = YES;
				CLANG_WARN_DIRECT_OBJC_ISA_USAGE = YES_ERROR;
				CLANG_WARN_DOCUMENTATION_COMMENTS = YES;
				CLANG_WARN_EMPTY_BODY = YES;
				CLANG_WARN_ENUM_CONVERSION = YES;
				CLANG_WARN_INFINITE_RECURSION = YES;
				CLANG_WARN_INT_CONVERSION = YES;
				CLANG_WARN_NON_LITERAL_NULL_CONVERSION = YES;
				CLANG_WARN_OBJC_IMPLICIT_RETAIN_SELF = YES;
				CLANG_WARN_OBJC_LITERAL_CONVERSION = YES;
				CLANG_WARN_OBJC_ROOT_CLASS = YES_ERROR;
				CLANG_WARN_QUOTED_INCLUDE_IN_FRAMEWORK_HEADER = YES;
				CLANG_WARN_RANGE_LOOP_ANALYSIS = YES;
				CLANG_WARN_STRICT_PROTOTYPES = YES;
				CLANG_WARN_SUSPICIOUS_MOVE = YES;
				CLANG_WARN_UNGUARDED_AVAILABILITY = YES_AGGRESSIVE;
				CLANG_WARN_UNREACHABLE_CODE = YES;
				CLANG_WARN__DUPLICATE_METHOD_MATCH = YES;
				COPY_PHASE_STRIP = NO;
				DEBUG_INFORMATION_FORMAT = dwarf;
				ENABLE_STRICT_OBJC_MSGSEND = YES;
				ENABLE_TESTABILITY = YES;
				GCC_C_LANGUAGE_STANDARD = gnu11;
				GCC_DYNAMIC_NO_PIC = NO;
				GCC_NO_COMMON_BLOCKS = YES;
				GCC_OPTIMIZATION_LEVEL = 0;
				GCC_PREPROCESSOR_DEFINITIONS = (
					"DEBUG=1",
					"$(inherited)",
				);
				GCC_WARN_64_TO_32_BIT_CONVERSION = YES;
				GCC_WARN_ABOUT_RETURN_TYPE = YES_ERROR;
				GCC_WARN_UNDECLARED_SELECTOR = YES;
				GCC_WARN_UNINITIALIZED_AUTOS = YES_AGGRESSIVE;
				GCC_WARN_UNUSED_FUNCTION = YES;
				GCC_WARN_UNUSED_VARIABLE = YES;
				IPHONEOS_DEPLOYMENT_TARGET = 15.0;
				MTL_ENABLE_DEBUG_INFO = INCLUDE_SOURCE;
				MTL_FAST_MATH = YES;
				ONLY_ACTIVE_ARCH = YES;
				SDKROOT = iphoneos;
				SWIFT_ACTIVE_COMPILATION_CONDITIONS = DEBUG;
				SWIFT_OPTIMIZATION_LEVEL = "-Onone";
			};
			name = Debug;
		};
		5FBC26972794F147002D6627 /* Release */ = {
			isa = XCBuildConfiguration;
			buildSettings = {
				ALWAYS_SEARCH_USER_PATHS = NO;
				CLANG_ANALYZER_NONNULL = YES;
				CLANG_ANALYZER_NUMBER_OBJECT_CONVERSION = YES_AGGRESSIVE;
				CLANG_CXX_LANGUAGE_STANDARD = "gnu++17";
				CLANG_CXX_LIBRARY = "libc++";
				CLANG_ENABLE_MODULES = YES;
				CLANG_ENABLE_OBJC_ARC = YES;
				CLANG_ENABLE_OBJC_WEAK = YES;
				CLANG_WARN_BLOCK_CAPTURE_AUTORELEASING = YES;
				CLANG_WARN_BOOL_CONVERSION = YES;
				CLANG_WARN_COMMA = YES;
				CLANG_WARN_CONSTANT_CONVERSION = YES;
				CLANG_WARN_DEPRECATED_OBJC_IMPLEMENTATIONS = YES;
				CLANG_WARN_DIRECT_OBJC_ISA_USAGE = YES_ERROR;
				CLANG_WARN_DOCUMENTATION_COMMENTS = YES;
				CLANG_WARN_EMPTY_BODY = YES;
				CLANG_WARN_ENUM_CONVERSION = YES;
				CLANG_WARN_INFINITE_RECURSION = YES;
				CLANG_WARN_INT_CONVERSION = YES;
				CLANG_WARN_NON_LITERAL_NULL_CONVERSION = YES;
				CLANG_WARN_OBJC_IMPLICIT_RETAIN_SELF = YES;
				CLANG_WARN_OBJC_LITERAL_CONVERSION = YES;
				CLANG_WARN_OBJC_ROOT_CLASS = YES_ERROR;
				CLANG_WARN_QUOTED_INCLUDE_IN_FRAMEWORK_HEADER = YES;
				CLANG_WARN_RANGE_LOOP_ANALYSIS = YES;
				CLANG_WARN_STRICT_PROTOTYPES = YES;
				CLANG_WARN_SUSPICIOUS_MOVE = YES;
				CLANG_WARN_UNGUARDED_AVAILABILITY = YES_AGGRESSIVE;
				CLANG_WARN_UNREACHABLE_CODE = YES;
				CLANG_WARN__DUPLICATE_METHOD_MATCH = YES;
				COPY_PHASE_STRIP = NO;
				DEBUG_INFORMATION_FORMAT = "dwarf-with-dsym";
				ENABLE_NS_ASSERTIONS = NO;
				ENABLE_STRICT_OBJC_MSGSEND = YES;
				GCC_C_LANGUAGE_STANDARD = gnu11;
				GCC_NO_COMMON_BLOCKS = YES;
				GCC_WARN_64_TO_32_BIT_CONVERSION = YES;
				GCC_WARN_ABOUT_RETURN_TYPE = YES_ERROR;
				GCC_WARN_UNDECLARED_SELECTOR = YES;
				GCC_WARN_UNINITIALIZED_AUTOS = YES_AGGRESSIVE;
				GCC_WARN_UNUSED_FUNCTION = YES;
				GCC_WARN_UNUSED_VARIABLE = YES;
				IPHONEOS_DEPLOYMENT_TARGET = 15.0;
				MTL_ENABLE_DEBUG_INFO = NO;
				MTL_FAST_MATH = YES;
				SDKROOT = iphoneos;
				SWIFT_COMPILATION_MODE = wholemodule;
				SWIFT_OPTIMIZATION_LEVEL = "-O";
				VALIDATE_PRODUCT = YES;
			};
			name = Release;
		};
		5FBC26992794F147002D6627 /* Debug */ = {
			isa = XCBuildConfiguration;
			buildSettings = {
				ASSETCATALOG_COMPILER_APPICON_NAME = "AppIcon-1";
				ASSETCATALOG_COMPILER_GLOBAL_ACCENT_COLOR_NAME = AccentColor;
				CODE_SIGN_ENTITLEMENTS = "UNIA-ACL/UNIA-ACL.entitlements";
				CODE_SIGN_STYLE = Automatic;
				CURRENT_PROJECT_VERSION = 2;
				DEVELOPMENT_ASSET_PATHS = "\"UNIA-ACL/Preview Content\"";
				DEVELOPMENT_TEAM = YUS2V39LA7;
				ENABLE_PREVIEWS = YES;
				GENERATE_INFOPLIST_FILE = YES;
				INFOPLIST_FILE = "UNIA-ACL/Info.plist";
				INFOPLIST_KEY_UIApplicationSceneManifest_Generation = YES;
				INFOPLIST_KEY_UIApplicationSupportsIndirectInputEvents = YES;
				INFOPLIST_KEY_UILaunchScreen_Generation = YES;
				INFOPLIST_KEY_UISupportedInterfaceOrientations = "UIInterfaceOrientationPortrait UIInterfaceOrientationPortraitUpsideDown";
				INFOPLIST_KEY_UISupportedInterfaceOrientations_iPad = "UIInterfaceOrientationPortrait UIInterfaceOrientationPortraitUpsideDown UIInterfaceOrientationLandscapeLeft UIInterfaceOrientationLandscapeRight";
				INFOPLIST_KEY_UISupportedInterfaceOrientations_iPhone = "UIInterfaceOrientationPortrait UIInterfaceOrientationLandscapeLeft UIInterfaceOrientationLandscapeRight";
				IPHONEOS_DEPLOYMENT_TARGET = 15.0;
				LD_RUNPATH_SEARCH_PATHS = (
					"$(inherited)",
					"@executable_path/Frameworks",
				);
				MARKETING_VERSION = 0.1.0;
				PRODUCT_BUNDLE_IDENTIFIER = "com.KamronTHopkins.UNIA-ACL";
				PRODUCT_NAME = "$(TARGET_NAME)";
				SWIFT_EMIT_LOC_STRINGS = YES;
				SWIFT_VERSION = 5.0;
				TARGETED_DEVICE_FAMILY = "1,2";
			};
			name = Debug;
		};
		5FBC269A2794F147002D6627 /* Release */ = {
			isa = XCBuildConfiguration;
			buildSettings = {
				ASSETCATALOG_COMPILER_APPICON_NAME = "AppIcon-1";
				ASSETCATALOG_COMPILER_GLOBAL_ACCENT_COLOR_NAME = AccentColor;
				CODE_SIGN_ENTITLEMENTS = "UNIA-ACL/UNIA-ACL.entitlements";
				CODE_SIGN_STYLE = Automatic;
				CURRENT_PROJECT_VERSION = 2;
				DEVELOPMENT_ASSET_PATHS = "\"UNIA-ACL/Preview Content\"";
				DEVELOPMENT_TEAM = YUS2V39LA7;
				ENABLE_PREVIEWS = YES;
				GENERATE_INFOPLIST_FILE = YES;
				INFOPLIST_FILE = "UNIA-ACL/Info.plist";
				INFOPLIST_KEY_UIApplicationSceneManifest_Generation = YES;
				INFOPLIST_KEY_UIApplicationSupportsIndirectInputEvents = YES;
				INFOPLIST_KEY_UILaunchScreen_Generation = YES;
				INFOPLIST_KEY_UISupportedInterfaceOrientations = "UIInterfaceOrientationPortrait UIInterfaceOrientationPortraitUpsideDown";
				INFOPLIST_KEY_UISupportedInterfaceOrientations_iPad = "UIInterfaceOrientationPortrait UIInterfaceOrientationPortraitUpsideDown UIInterfaceOrientationLandscapeLeft UIInterfaceOrientationLandscapeRight";
				INFOPLIST_KEY_UISupportedInterfaceOrientations_iPhone = "UIInterfaceOrientationPortrait UIInterfaceOrientationLandscapeLeft UIInterfaceOrientationLandscapeRight";
				IPHONEOS_DEPLOYMENT_TARGET = 15.0;
				LD_RUNPATH_SEARCH_PATHS = (
					"$(inherited)",
					"@executable_path/Frameworks",
				);
				MARKETING_VERSION = 0.1.0;
				PRODUCT_BUNDLE_IDENTIFIER = "com.KamronTHopkins.UNIA-ACL";
				PRODUCT_NAME = "$(TARGET_NAME)";
				SWIFT_EMIT_LOC_STRINGS = YES;
				SWIFT_VERSION = 5.0;
				TARGETED_DEVICE_FAMILY = "1,2";
			};
			name = Release;
		};
		5FBC269C2794F147002D6627 /* Debug */ = {
			isa = XCBuildConfiguration;
			buildSettings = {
				ALWAYS_EMBED_SWIFT_STANDARD_LIBRARIES = YES;
				BUNDLE_LOADER = "$(TEST_HOST)";
				CODE_SIGN_STYLE = Automatic;
				CURRENT_PROJECT_VERSION = 1;
				DEVELOPMENT_TEAM = YUS2V39LA7;
				GENERATE_INFOPLIST_FILE = YES;
				IPHONEOS_DEPLOYMENT_TARGET = 15.2;
				MARKETING_VERSION = 1.0;
				PRODUCT_BUNDLE_IDENTIFIER = "com.KamronTHopkins.UNIA-ACLTests";
				PRODUCT_NAME = "$(TARGET_NAME)";
				SWIFT_EMIT_LOC_STRINGS = NO;
				SWIFT_VERSION = 5.0;
				TARGETED_DEVICE_FAMILY = "1,2";
				TEST_HOST = "$(BUILT_PRODUCTS_DIR)/UNIA-ACL.app/UNIA-ACL";
			};
			name = Debug;
		};
		5FBC269D2794F147002D6627 /* Release */ = {
			isa = XCBuildConfiguration;
			buildSettings = {
				ALWAYS_EMBED_SWIFT_STANDARD_LIBRARIES = YES;
				BUNDLE_LOADER = "$(TEST_HOST)";
				CODE_SIGN_STYLE = Automatic;
				CURRENT_PROJECT_VERSION = 1;
				DEVELOPMENT_TEAM = YUS2V39LA7;
				GENERATE_INFOPLIST_FILE = YES;
				IPHONEOS_DEPLOYMENT_TARGET = 15.2;
				MARKETING_VERSION = 1.0;
				PRODUCT_BUNDLE_IDENTIFIER = "com.KamronTHopkins.UNIA-ACLTests";
				PRODUCT_NAME = "$(TARGET_NAME)";
				SWIFT_EMIT_LOC_STRINGS = NO;
				SWIFT_VERSION = 5.0;
				TARGETED_DEVICE_FAMILY = "1,2";
				TEST_HOST = "$(BUILT_PRODUCTS_DIR)/UNIA-ACL.app/UNIA-ACL";
			};
			name = Release;
		};
		5FBC269F2794F147002D6627 /* Debug */ = {
			isa = XCBuildConfiguration;
			buildSettings = {
				ALWAYS_EMBED_SWIFT_STANDARD_LIBRARIES = YES;
				CODE_SIGN_STYLE = Automatic;
				CURRENT_PROJECT_VERSION = 1;
				DEVELOPMENT_TEAM = YUS2V39LA7;
				GENERATE_INFOPLIST_FILE = YES;
				MARKETING_VERSION = 1.0;
				PRODUCT_BUNDLE_IDENTIFIER = "com.KamronTHopkins.UNIA-ACLUITests";
				PRODUCT_NAME = "$(TARGET_NAME)";
				SWIFT_EMIT_LOC_STRINGS = NO;
				SWIFT_VERSION = 5.0;
				TARGETED_DEVICE_FAMILY = "1,2";
				TEST_TARGET_NAME = "UNIA-ACL";
			};
			name = Debug;
		};
		5FBC26A02794F147002D6627 /* Release */ = {
			isa = XCBuildConfiguration;
			buildSettings = {
				ALWAYS_EMBED_SWIFT_STANDARD_LIBRARIES = YES;
				CODE_SIGN_STYLE = Automatic;
				CURRENT_PROJECT_VERSION = 1;
				DEVELOPMENT_TEAM = YUS2V39LA7;
				GENERATE_INFOPLIST_FILE = YES;
				MARKETING_VERSION = 1.0;
				PRODUCT_BUNDLE_IDENTIFIER = "com.KamronTHopkins.UNIA-ACLUITests";
				PRODUCT_NAME = "$(TARGET_NAME)";
				SWIFT_EMIT_LOC_STRINGS = NO;
				SWIFT_VERSION = 5.0;
				TARGETED_DEVICE_FAMILY = "1,2";
				TEST_TARGET_NAME = "UNIA-ACL";
			};
			name = Release;
		};
/* End XCBuildConfiguration section */

/* Begin XCConfigurationList section */
		5FBC266A2794F144002D6627 /* Build configuration list for PBXProject "UNIA-ACL" */ = {
			isa = XCConfigurationList;
			buildConfigurations = (
				5FBC26962794F147002D6627 /* Debug */,
				5FBC26972794F147002D6627 /* Release */,
			);
			defaultConfigurationIsVisible = 0;
			defaultConfigurationName = Release;
		};
		5FBC26982794F147002D6627 /* Build configuration list for PBXNativeTarget "UNIA-ACL" */ = {
			isa = XCConfigurationList;
			buildConfigurations = (
				5FBC26992794F147002D6627 /* Debug */,
				5FBC269A2794F147002D6627 /* Release */,
			);
			defaultConfigurationIsVisible = 0;
			defaultConfigurationName = Release;
		};
		5FBC269B2794F147002D6627 /* Build configuration list for PBXNativeTarget "UNIA-ACLTests" */ = {
			isa = XCConfigurationList;
			buildConfigurations = (
				5FBC269C2794F147002D6627 /* Debug */,
				5FBC269D2794F147002D6627 /* Release */,
			);
			defaultConfigurationIsVisible = 0;
			defaultConfigurationName = Release;
		};
		5FBC269E2794F147002D6627 /* Build configuration list for PBXNativeTarget "UNIA-ACLUITests" */ = {
			isa = XCConfigurationList;
			buildConfigurations = (
				5FBC269F2794F147002D6627 /* Debug */,
				5FBC26A02794F147002D6627 /* Release */,
			);
			defaultConfigurationIsVisible = 0;
			defaultConfigurationName = Release;
		};
/* End XCConfigurationList section */

/* Begin XCVersionGroup section */
		5FBC267D2794F146002D6627 /* UNIA_ACL.xcdatamodeld */ = {
			isa = XCVersionGroup;
			children = (
				5FBC267E2794F146002D6627 /* UNIA_ACL.xcdatamodel */,
			);
			currentVersion = 5FBC267E2794F146002D6627 /* UNIA_ACL.xcdatamodel */;
			path = UNIA_ACL.xcdatamodeld;
			sourceTree = "<group>";
			versionGroupType = wrapper.xcdatamodel;
		};
/* End XCVersionGroup section */
	};
	rootObject = 5FBC26672794F144002D6627 /* Project object */;
}
